
Microsoft Visual Studio Solution File, Format Version 12.00
# Visual Studio Version 17
VisualStudioVersion = 17.10.35122.118
MinimumVisualStudioVersion = 10.0.40219.1
Project("{FAE04EC0-301F-11D3-BF4B-00C04F79EFBC}") = "MVCViewModelApp", "MVCViewModelApp\MVCViewModelApp.csproj", "{DC506CE7-EF27-484D-A6DA-EA5A96CF5015}"
EndProject
Global
	GlobalSection(SolutionConfigurationPlatforms) = preSolution
		Debug|Any CPU = Debug|Any CPU
		Release|Any CPU = Release|Any CPU
	EndGlobalSection
	GlobalSection(ProjectConfigurationPlatforms) = postSolution
		{DC506CE7-EF27-484D-A6DA-EA5A96CF5015}.Debug|Any CPU.ActiveCfg = Debug|Any CPU
		{DC506CE7-EF27-484D-A6DA-EA5A96CF5015}.Debug|Any CPU.Build.0 = Debug|Any CPU
		{DC506CE7-EF27-484D-A6DA-EA5A96CF5015}.Release|Any CPU.ActiveCfg = Release|Any CPU
		{DC506CE7-EF27-484D-A6DA-EA5A96CF5015}.Release|Any CPU.Build.0 = Release|Any CPU
	EndGlobalSection
	GlobalSection(SolutionProperties) = preSolution
		HideSolutionNode = FALSE
	EndGlobalSection
	GlobalSection(ExtensibilityGlobals) = postSolution
		SolutionGuid = {AB29DD98-5CC3-4BF5-A8A6-E2F9EF215249}
	EndGlobalSection
EndGlobal
